
Microsoft Visual Studio Solution File, Format Version 12.00
# Visual Studio Version 16
VisualStudioVersion = 16.0.29911.84
MinimumVisualStudioVersion = 10.0.40219.1
Project("{FAE04EC0-301F-11D3-BF4B-00C04F79EFBC}") = "体温填报", "体温填报\体温填报.csproj", "{B719FCEB-DCE2-4F59-9E51-9D36AD4D1637}"
EndProject
Global
	GlobalSection(SolutionConfigurationPlatforms) = preSolution
		Debug|Any CPU = Debug|Any CPU
		Release|Any CPU = Release|Any CPU
	EndGlobalSection
	GlobalSection(ProjectConfigurationPlatforms) = postSolution
		{B719FCEB-DCE2-4F59-9E51-9D36AD4D1637}.Debug|Any CPU.ActiveCfg = Debug|Any CPU
		{B719FCEB-DCE2-4F59-9E51-9D36AD4D1637}.Debug|Any CPU.Build.0 = Debug|Any CPU
		{B719FCEB-DCE2-4F59-9E51-9D36AD4D1637}.Release|Any CPU.ActiveCfg = Release|Any CPU
		{B719FCEB-DCE2-4F59-9E51-9D36AD4D1637}.Release|Any CPU.Build.0 = Release|Any CPU
	EndGlobalSection
	GlobalSection(SolutionProperties) = preSolution
		HideSolutionNode = FALSE
	EndGlobalSection
	GlobalSection(ExtensibilityGlobals) = postSolution
		SolutionGuid = {185E15B9-6255-4E7F-9951-611B364DC52A}
	EndGlobalSection
EndGlobal
